
Microsoft Visual Studio Solution File, Format Version 12.00
# Visual Studio Version 16
VisualStudioVersion = 16.0.32510.428
MinimumVisualStudioVersion = 10.0.40219.1
Project("{9A19103F-16F7-4668-BE54-9A1E7A4F7556}") = "TelegramBot", "TelegramBot\TelegramBot.csproj", "{1A9D10B4-6045-4CAB-9642-3E993D4D8567}"
EndProject
Project("{FAE04EC0-301F-11D3-BF4B-00C04F79EFBC}") = "TelegramBotTests", "TelegramBotTests\TelegramBotTests.csproj", "{AE5AB220-DDBF-49BA-B57E-670458CC1846}"
EndProject
Global
	GlobalSection(SolutionConfigurationPlatforms) = preSolution
		Debug|Any CPU = Debug|Any CPU
		Release|Any CPU = Release|Any CPU
	EndGlobalSection
	GlobalSection(ProjectConfigurationPlatforms) = postSolution
		{1A9D10B4-6045-4CAB-9642-3E993D4D8567}.Debug|Any CPU.ActiveCfg = Debug|Any CPU
		{1A9D10B4-6045-4CAB-9642-3E993D4D8567}.Debug|Any CPU.Build.0 = Debug|Any CPU
		{1A9D10B4-6045-4CAB-9642-3E993D4D8567}.Release|Any CPU.ActiveCfg = Release|Any CPU
		{1A9D10B4-6045-4CAB-9642-3E993D4D8567}.Release|Any CPU.Build.0 = Release|Any CPU
		{AE5AB220-DDBF-49BA-B57E-670458CC1846}.Debug|Any CPU.ActiveCfg = Debug|Any CPU
		{AE5AB220-DDBF-49BA-B57E-670458CC1846}.Debug|Any CPU.Build.0 = Debug|Any CPU
		{AE5AB220-DDBF-49BA-B57E-670458CC1846}.Release|Any CPU.ActiveCfg = Release|Any CPU
		{AE5AB220-DDBF-49BA-B57E-670458CC1846}.Release|Any CPU.Build.0 = Release|Any CPU
	EndGlobalSection
	GlobalSection(SolutionProperties) = preSolution
		HideSolutionNode = FALSE
	EndGlobalSection
	GlobalSection(ExtensibilityGlobals) = postSolution
		SolutionGuid = {5833BA0E-4FC4-4382-A4DB-17D49C701B1A}
	EndGlobalSection
EndGlobal
